// !$*UTF8*$!
{
	archiveVersion = 1;
	classes = {
	};
	objectVersion = 48;
	objects = {

/* Begin PBXBuildFile section */
		EBC7D9861F2D4007007AA506 /* AppDelegate.swift in Sources */ = {isa = PBXBuildFile; fileRef = EBC7D9851F2D4007007AA506 /* AppDelegate.swift */; };
		EBC7D9881F2D4007007AA506 /* art.scnassets in Resources */ = {isa = PBXBuildFile; fileRef = EBC7D9871F2D4007007AA506 /* art.scnassets */; };
		EBC7D98A1F2D4007007AA506 /* ViewController.swift in Sources */ = {isa = PBXBuildFile; fileRef = EBC7D9891F2D4007007AA506 /* ViewController.swift */; };
		EBC7D98D1F2D4007007AA506 /* Main.storyboard in Resources */ = {isa = PBXBuildFile; fileRef = EBC7D98B1F2D4007007AA506 /* Main.storyboard */; };
		EBC7D98F1F2D4007007AA506 /* Assets.xcassets in Resources */ = {isa = PBXBuildFile; fileRef = EBC7D98E1F2D4007007AA506 /* Assets.xcassets */; };
		EBC7D9921F2D4007007AA506 /* LaunchScreen.storyboard in Resources */ = {isa = PBXBuildFile; fileRef = EBC7D9901F2D4007007AA506 /* LaunchScreen.storyboard */; };
		EBC7D99D1F2D4007007AA506 /* ARkitDemoTests.swift in Sources */ = {isa = PBXBuildFile; fileRef = EBC7D99C1F2D4007007AA506 /* ARkitDemoTests.swift */; };
		EBC7D9A81F2D4007007AA506 /* ARkitDemoUITests.swift in Sources */ = {isa = PBXBuildFile; fileRef = EBC7D9A71F2D4007007AA506 /* ARkitDemoUITests.swift */; };
/* End PBXBuildFile section */

/* Begin PBXContainerItemProxy section */
		EBC7D9991F2D4007007AA506 /* PBXContainerItemProxy */ = {
			isa = PBXContainerItemProxy;
			containerPortal = EBC7D97A1F2D4007007AA506 /* Project object */;
			proxyType = 1;
			remoteGlobalIDString = EBC7D9811F2D4007007AA506;
			remoteInfo = ARkitDemo;
		};
		EBC7D9A41F2D4007007AA506 /* PBXContainerItemProxy */ = {
			isa = PBXContainerItemProxy;
			containerPortal = EBC7D97A1F2D4007007AA506 /* Project object */;
			proxyType = 1;
			remoteGlobalIDString = EBC7D9811F2D4007007AA506;
			remoteInfo = ARkitDemo;
		};
/* End PBXContainerItemProxy section */

/* Begin PBXFileReference section */
		EBC7D9821F2D4007007AA506 /* ARkitDemo.app */ = {isa = PBXFileReference; explicitFileType = wrapper.application; includeInIndex = 0; path = ARkitDemo.app; sourceTree = BUILT_PRODUCTS_DIR; };
		EBC7D9851F2D4007007AA506 /* AppDelegate.swift */ = {isa = PBXFileReference; lastKnownFileType = sourcecode.swift; path = AppDelegate.swift; sourceTree = "<group>"; };
		EBC7D9871F2D4007007AA506 /* art.scnassets */ = {isa = PBXFileReference; lastKnownFileType = wrapper.scnassets; path = art.scnassets; sourceTree = "<group>"; };
		EBC7D9891F2D4007007AA506 /* ViewController.swift */ = {isa = PBXFileReference; lastKnownFileType = sourcecode.swift; path = ViewController.swift; sourceTree = "<group>"; };
		EBC7D98C1F2D4007007AA506 /* Base */ = {isa = PBXFileReference; lastKnownFileType = file.storyboard; name = Base; path = Base.lproj/Main.storyboard; sourceTree = "<group>"; };
		EBC7D98E1F2D4007007AA506 /* Assets.xcassets */ = {isa = PBXFileReference; lastKnownFileType = folder.assetcatalog; path = Assets.xcassets; sourceTree = "<group>"; };
		EBC7D9911F2D4007007AA506 /* Base */ = {isa = PBXFileReference; lastKnownFileType = file.storyboard; name = Base; path = Base.lproj/LaunchScreen.storyboard; sourceTree = "<group>"; };
		EBC7D9931F2D4007007AA506 /* Info.plist */ = {isa = PBXFileReference; lastKnownFileType = text.plist.xml; path = Info.plist; sourceTree = "<group>"; };
		EBC7D9981F2D4007007AA506 /* ARkitDemoTests.xctest */ = {isa = PBXFileReference; explicitFileType = wrapper.cfbundle; includeInIndex = 0; path = ARkitDemoTests.xctest; sourceTree = BUILT_PRODUCTS_DIR; };
		EBC7D99C1F2D4007007AA506 /* ARkitDemoTests.swift */ = {isa = PBXFileReference; lastKnownFileType = sourcecode.swift; path = ARkitDemoTests.swift; sourceTree = "<group>"; };
		EBC7D99E1F2D4007007AA506 /* Info.plist */ = {isa = PBXFileReference; lastKnownFileType = text.plist.xml; path = Info.plist; sourceTree = "<group>"; };
		EBC7D9A31F2D4007007AA506 /* ARkitDemoUITests.xctest */ = {isa = PBXFileReference; explicitFileType = wrapper.cfbundle; includeInIndex = 0; path = ARkitDemoUITests.xctest; sourceTree = BUILT_PRODUCTS_DIR; };
		EBC7D9A71F2D4007007AA506 /* ARkitDemoUITests.swift */ = {isa = PBXFileReference; lastKnownFileType = sourcecode.swift; path = ARkitDemoUITests.swift; sourceTree = "<group>"; };
		EBC7D9A91F2D4007007AA506 /* Info.plist */ = {isa = PBXFileReference; lastKnownFileType = text.plist.xml; path = Info.plist; sourceTree = "<group>"; };
/* End PBXFileReference section */

/* Begin PBXFrameworksBuildPhase section */
		EBC7D97F1F2D4007007AA506 /* Frameworks */ = {
			isa = PBXFrameworksBuildPhase;
			buildActionMask = 2147483647;
			files = (
			);
			runOnlyForDeploymentPostprocessing = 0;
		};
		EBC7D9951F2D4007007AA506 /* Frameworks */ = {
			isa = PBXFrameworksBuildPhase;
			buildActionMask = 2147483647;
			files = (
			);
			runOnlyForDeploymentPostprocessing = 0;
		};
		EBC7D9A01F2D4007007AA506 /* Frameworks */ = {
			isa = PBXFrameworksBuildPhase;
			buildActionMask = 2147483647;
			files = (
			);
			runOnlyForDeploymentPostprocessing = 0;
		};
/* End PBXFrameworksBuildPhase section */

/* Begin PBXGroup section */
		EBC7D9791F2D4007007AA506 = {
			isa = PBXGroup;
			children = (
				EBC7D9841F2D4007007AA506 /* ARkitDemo */,
				EBC7D99B1F2D4007007AA506 /* ARkitDemoTests */,
				EBC7D9A61F2D4007007AA506 /* ARkitDemoUITests */,
				EBC7D9831F2D4007007AA506 /* Products */,
			);
			sourceTree = "<group>";
		};
		EBC7D9831F2D4007007AA506 /* Products */ = {
			isa = PBXGroup;
			children = (
				EBC7D9821F2D4007007AA506 /* ARkitDemo.app */,
				EBC7D9981F2D4007007AA506 /* ARkitDemoTests.xctest */,
				EBC7D9A31F2D4007007AA506 /* ARkitDemoUITests.xctest */,
			);
			name = Products;
			sourceTree = "<group>";
		};
		EBC7D9841F2D4007007AA506 /* ARkitDemo */ = {
			isa = PBXGroup;
			children = (
				EBC7D9851F2D4007007AA506 /* AppDelegate.swift */,
				EBC7D9871F2D4007007AA506 /* art.scnassets */,
				EBC7D9891F2D4007007AA506 /* ViewController.swift */,
				EBC7D98B1F2D4007007AA506 /* Main.storyboard */,
				EBC7D98E1F2D4007007AA506 /* Assets.xcassets */,
				EBC7D9901F2D4007007AA506 /* LaunchScreen.storyboard */,
				EBC7D9931F2D4007007AA506 /* Info.plist */,
			);
			path = ARkitDemo;
			sourceTree = "<group>";
		};
		EBC7D99B1F2D4007007AA506 /* ARkitDemoTests */ = {
			isa = PBXGroup;
			children = (
				EBC7D99C1F2D4007007AA506 /* ARkitDemoTests.swift */,
				EBC7D99E1F2D4007007AA506 /* Info.plist */,
			);
			path = ARkitDemoTests;
			sourceTree = "<group>";
		};
		EBC7D9A61F2D4007007AA506 /* ARkitDemoUITests */ = {
			isa = PBXGroup;
			children = (
				EBC7D9A71F2D4007007AA506 /* ARkitDemoUITests.swift */,
				EBC7D9A91F2D4007007AA506 /* Info.plist */,
			);
			path = ARkitDemoUITests;
			sourceTree = "<group>";
		};
/* End PBXGroup section */

/* Begin PBXNativeTarget section */
		EBC7D9811F2D4007007AA506 /* ARkitDemo */ = {
			isa = PBXNativeTarget;
			buildConfigurationList = EBC7D9AC1F2D4007007AA506 /* Build configuration list for PBXNativeTarget "ARkitDemo" */;
			buildPhases = (
				EBC7D97E1F2D4007007AA506 /* Sources */,
				EBC7D97F1F2D4007007AA506 /* Frameworks */,
				EBC7D9801F2D4007007AA506 /* Resources */,
			);
			buildRules = (
			);
			dependencies = (
			);
			name = ARkitDemo;
			productName = ARkitDemo;
			productReference = EBC7D9821F2D4007007AA506 /* ARkitDemo.app */;
			productType = "com.apple.product-type.application";
		};
		EBC7D9971F2D4007007AA506 /* ARkitDemoTests */ = {
			isa = PBXNativeTarget;
			buildConfigurationList = EBC7D9AF1F2D4007007AA506 /* Build configuration list for PBXNativeTarget "ARkitDemoTests" */;
			buildPhases = (
				EBC7D9941F2D4007007AA506 /* Sources */,
				EBC7D9951F2D4007007AA506 /* Frameworks */,
				EBC7D9961F2D4007007AA506 /* Resources */,
			);
			buildRules = (
			);
			dependencies = (
				EBC7D99A1F2D4007007AA506 /* PBXTargetDependency */,
			);
			name = ARkitDemoTests;
			productName = ARkitDemoTests;
			productReference = EBC7D9981F2D4007007AA506 /* ARkitDemoTests.xctest */;
			productType = "com.apple.product-type.bundle.unit-test";
		};
		EBC7D9A21F2D4007007AA506 /* ARkitDemoUITests */ = {
			isa = PBXNativeTarget;
			buildConfigurationList = EBC7D9B21F2D4007007AA506 /* Build configuration list for PBXNativeTarget "ARkitDemoUITests" */;
			buildPhases = (
				EBC7D99F1F2D4007007AA506 /* Sources */,
				EBC7D9A01F2D4007007AA506 /* Frameworks */,
				EBC7D9A11F2D4007007AA506 /* Resources */,
			);
			buildRules = (
			);
			dependencies = (
				EBC7D9A51F2D4007007AA506 /* PBXTargetDependency */,
			);
			name = ARkitDemoUITests;
			productName = ARkitDemoUITests;
			productReference = EBC7D9A31F2D4007007AA506 /* ARkitDemoUITests.xctest */;
			productType = "com.apple.product-type.bundle.ui-testing";
		};
/* End PBXNativeTarget section */

/* Begin PBXProject section */
		EBC7D97A1F2D4007007AA506 /* Project object */ = {
			isa = PBXProject;
			attributes = {
				LastSwiftUpdateCheck = 0900;
				LastUpgradeCheck = 0900;
				ORGANIZATIONNAME = jakePriddy;
				TargetAttributes = {
					EBC7D9811F2D4007007AA506 = {
						CreatedOnToolsVersion = 9.0;
					};
					EBC7D9971F2D4007007AA506 = {
						CreatedOnToolsVersion = 9.0;
						TestTargetID = EBC7D9811F2D4007007AA506;
					};
					EBC7D9A21F2D4007007AA506 = {
						CreatedOnToolsVersion = 9.0;
						TestTargetID = EBC7D9811F2D4007007AA506;
					};
				};
			};
			buildConfigurationList = EBC7D97D1F2D4007007AA506 /* Build configuration list for PBXProject "ARkitDemo" */;
			compatibilityVersion = "Xcode 8.0";
			developmentRegion = en;
			hasScannedForEncodings = 0;
			knownRegions = (
				en,
				Base,
			);
			mainGroup = EBC7D9791F2D4007007AA506;
			productRefGroup = EBC7D9831F2D4007007AA506 /* Products */;
			projectDirPath = "";
			projectRoot = "";
			targets = (
				EBC7D9811F2D4007007AA506 /* ARkitDemo */,
				EBC7D9971F2D4007007AA506 /* ARkitDemoTests */,
				EBC7D9A21F2D4007007AA506 /* ARkitDemoUITests */,
			);
		};
/* End PBXProject section */

/* Begin PBXResourcesBuildPhase section */
		EBC7D9801F2D4007007AA506 /* Resources */ = {
			isa = PBXResourcesBuildPhase;
			buildActionMask = 2147483647;
			files = (
				EBC7D9881F2D4007007AA506 /* art.scnassets in Resources */,
				EBC7D9921F2D4007007AA506 /* LaunchScreen.storyboard in Resources */,
				EBC7D98F1F2D4007007AA506 /* Assets.xcassets in Resources */,
				EBC7D98D1F2D4007007AA506 /* Main.storyboard in Resources */,
			);
			runOnlyForDeploymentPostprocessing = 0;
		};
		EBC7D9961F2D4007007AA506 /* Resources */ = {
			isa = PBXResourcesBuildPhase;
			buildActionMask = 2147483647;
			files = (
			);
			runOnlyForDeploymentPostprocessing = 0;
		};
		EBC7D9A11F2D4007007AA506 /* Resources */ = {
			isa = PBXResourcesBuildPhase;
			buildActionMask = 2147483647;
			files = (
			);
			runOnlyForDeploymentPostprocessing = 0;
		};
/* End PBXResourcesBuildPhase section */

/* Begin PBXSourcesBuildPhase section */
		EBC7D97E1F2D4007007AA506 /* Sources */ = {
			isa = PBXSourcesBuildPhase;
			buildActionMask = 2147483647;
			files = (
				EBC7D98A1F2D4007007AA506 /* ViewController.swift in Sources */,
				EBC7D9861F2D4007007AA506 /* AppDelegate.swift in Sources */,
			);
			runOnlyForDeploymentPostprocessing = 0;
		};
		EBC7D9941F2D4007007AA506 /* Sources */ = {
			isa = PBXSourcesBuildPhase;
			buildActionMask = 2147483647;
			files = (
				EBC7D99D1F2D4007007AA506 /* ARkitDemoTests.swift in Sources */,
			);
			runOnlyForDeploymentPostprocessing = 0;
		};
		EBC7D99F1F2D4007007AA506 /* Sources */ = {
			isa = PBXSourcesBuildPhase;
			buildActionMask = 2147483647;
			files = (
				EBC7D9A81F2D4007007AA506 /* ARkitDemoUITests.swift in Sources */,
			);
			runOnlyForDeploymentPostprocessing = 0;
		};
/* End PBXSourcesBuildPhase section */

/* Begin PBXTargetDependency section */
		EBC7D99A1F2D4007007AA506 /* PBXTargetDependency */ = {
			isa = PBXTargetDependency;
			target = EBC7D9811F2D4007007AA506 /* ARkitDemo */;
			targetProxy = EBC7D9991F2D4007007AA506 /* PBXContainerItemProxy */;
		};
		EBC7D9A51F2D4007007AA506 /* PBXTargetDependency */ = {
			isa = PBXTargetDependency;
			target = EBC7D9811F2D4007007AA506 /* ARkitDemo */;
			targetProxy = EBC7D9A41F2D4007007AA506 /* PBXContainerItemProxy */;
		};
/* End PBXTargetDependency section */

/* Begin PBXVariantGroup section */
		EBC7D98B1F2D4007007AA506 /* Main.storyboard */ = {
			isa = PBXVariantGroup;
			children = (
				EBC7D98C1F2D4007007AA506 /* Base */,
			);
			name = Main.storyboard;
			sourceTree = "<group>";
		};
		EBC7D9901F2D4007007AA506 /* LaunchScreen.storyboard */ = {
			isa = PBXVariantGroup;
			children = (
				EBC7D9911F2D4007007AA506 /* Base */,
			);
			name = LaunchScreen.storyboard;
			sourceTree = "<group>";
		};
/* End PBXVariantGroup section */

/* Begin XCBuildConfiguration section */
		EBC7D9AA1F2D4007007AA506 /* Debug */ = {
			isa = XCBuildConfiguration;
			buildSettings = {
				ALWAYS_SEARCH_USER_PATHS = NO;
				CLANG_ANALYZER_NONNULL = YES;
				CLANG_ANALYZER_NUMBER_OBJECT_CONVERSION = YES_AGGRESSIVE;
				CLANG_CXX_LANGUAGE_STANDARD = "gnu++14";
				CLANG_CXX_LIBRARY = "libc++";
				CLANG_ENABLE_MODULES = YES;
				CLANG_ENABLE_OBJC_ARC = YES;
				CLANG_WARN_BLOCK_CAPTURE_AUTORELEASING = YES;
				CLANG_WARN_BOOL_CONVERSION = YES;
				CLANG_WARN_COMMA = YES;
				CLANG_WARN_CONSTANT_CONVERSION = YES;
				CLANG_WARN_DIRECT_OBJC_ISA_USAGE = YES_ERROR;
				CLANG_WARN_DOCUMENTATION_COMMENTS = YES;
				CLANG_WARN_EMPTY_BODY = YES;
				CLANG_WARN_ENUM_CONVERSION = YES;
				CLANG_WARN_INFINITE_RECURSION = YES;
				CLANG_WARN_INT_CONVERSION = YES;
				CLANG_WARN_NON_LITERAL_NULL_CONVERSION = YES;
				CLANG_WARN_OBJC_LITERAL_CONVERSION = YES;
				CLANG_WARN_OBJC_ROOT_CLASS = YES_ERROR;
				CLANG_WARN_RANGE_LOOP_ANALYSIS = YES;
				CLANG_WARN_STRICT_PROTOTYPES = YES;
				CLANG_WARN_SUSPICIOUS_MOVE = YES;
				CLANG_WARN_UNGUARDED_AVAILABILITY = YES_AGGRESSIVE;
				CLANG_WARN_UNREACHABLE_CODE = YES;
				CLANG_WARN__DUPLICATE_METHOD_MATCH = YES;
				CODE_SIGN_IDENTITY = "iPhone Developer";
				COPY_PHASE_STRIP = NO;
				DEBUG_INFORMATION_FORMAT = dwarf;
				ENABLE_STRICT_OBJC_MSGSEND = YES;
				ENABLE_TESTABILITY = YES;
				GCC_C_LANGUAGE_STANDARD = gnu11;
				GCC_DYNAMIC_NO_PIC = NO;
				GCC_NO_COMMON_BLOCKS = YES;
				GCC_OPTIMIZATION_LEVEL = 0;
				GCC_PREPROCESSOR_DEFINITIONS = (
					"DEBUG=1",
					"$(inherited)",
				);
				GCC_WARN_64_TO_32_BIT_CONVERSION = YES;
				GCC_WARN_ABOUT_RETURN_TYPE = YES_ERROR;
				GCC_WARN_UNDECLARED_SELECTOR = YES;
				GCC_WARN_UNINITIALIZED_AUTOS = YES_AGGRESSIVE;
				GCC_WARN_UNUSED_FUNCTION = YES;
				GCC_WARN_UNUSED_VARIABLE = YES;
				IPHONEOS_DEPLOYMENT_TARGET = 11.0;
				MTL_ENABLE_DEBUG_INFO = YES;
				ONLY_ACTIVE_ARCH = YES;
				SDKROOT = iphoneos;
				SWIFT_ACTIVE_COMPILATION_CONDITIONS = DEBUG;
				SWIFT_OPTIMIZATION_LEVEL = "-Onone";
			};
			name = Debug;
		};
		EBC7D9AB1F2D4007007AA506 /* Release */ = {
			isa = XCBuildConfiguration;
			buildSettings = {
				ALWAYS_SEARCH_USER_PATHS = NO;
				CLANG_ANALYZER_NONNULL = YES;
				CLANG_ANALYZER_NUMBER_OBJECT_CONVERSION = YES_AGGRESSIVE;
				CLANG_CXX_LANGUAGE_STANDARD = "gnu++14";
				CLANG_CXX_LIBRARY = "libc++";
				CLANG_ENABLE_MODULES = YES;
				CLANG_ENABLE_OBJC_ARC = YES;
				CLANG_WARN_BLOCK_CAPTURE_AUTORELEASING = YES;
				CLANG_WARN_BOOL_CONVERSION = YES;
				CLANG_WARN_COMMA = YES;
				CLANG_WARN_CONSTANT_CONVERSION = YES;
				CLANG_WARN_DIRECT_OBJC_ISA_USAGE = YES_ERROR;
				CLANG_WARN_DOCUMENTATION_COMMENTS = YES;
				CLANG_WARN_EMPTY_BODY = YES;
				CLANG_WARN_ENUM_CONVERSION = YES;
				CLANG_WARN_INFINITE_RECURSION = YES;
				CLANG_WARN_INT_CONVERSION = YES;
				CLANG_WARN_NON_LITERAL_NULL_CONVERSION = YES;
				CLANG_WARN_OBJC_LITERAL_CONVERSION = YES;
				CLANG_WARN_OBJC_ROOT_CLASS = YES_ERROR;
				CLANG_WARN_RANGE_LOOP_ANALYSIS = YES;
				CLANG_WARN_STRICT_PROTOTYPES = YES;
				CLANG_WARN_SUSPICIOUS_MOVE = YES;
				CLANG_WARN_UNGUARDED_AVAILABILITY = YES_AGGRESSIVE;
				CLANG_WARN_UNREACHABLE_CODE = YES;
				CLANG_WARN__DUPLICATE_METHOD_MATCH = YES;
				CODE_SIGN_IDENTITY = "iPhone Developer";
				COPY_PHASE_STRIP = NO;
				DEBUG_INFORMATION_FORMAT = "dwarf-with-dsym";
				ENABLE_NS_ASSERTIONS = NO;
				ENABLE_STRICT_OBJC_MSGSEND = YES;
				GCC_C_LANGUAGE_STANDARD = gnu11;
				GCC_NO_COMMON_BLOCKS = YES;
				GCC_WARN_64_TO_32_BIT_CONVERSION = YES;
				GCC_WARN_ABOUT_RETURN_TYPE = YES_ERROR;
				GCC_WARN_UNDECLARED_SELECTOR = YES;
				GCC_WARN_UNINITIALIZED_AUTOS = YES_AGGRESSIVE;
				GCC_WARN_UNUSED_FUNCTION = YES;
				GCC_WARN_UNUSED_VARIABLE = YES;
				IPHONEOS_DEPLOYMENT_TARGET = 11.0;
				MTL_ENABLE_DEBUG_INFO = NO;
				SDKROOT = iphoneos;
				SWIFT_OPTIMIZATION_LEVEL = "-Owholemodule";
				VALIDATE_PRODUCT = YES;
			};
			name = Release;
		};
		EBC7D9AD1F2D4007007AA506 /* Debug */ = {
			isa = XCBuildConfiguration;
			buildSettings = {
				ASSETCATALOG_COMPILER_APPICON_NAME = AppIcon;
				DEVELOPMENT_TEAM = K4NNFZ4242;
				INFOPLIST_FILE = ARkitDemo/Info.plist;
				IPHONEOS_DEPLOYMENT_TARGET = 11.0;
				LD_RUNPATH_SEARCH_PATHS = "$(inherited) @executable_path/Frameworks";
				PRODUCT_BUNDLE_IDENTIFIER = JakePriddy.ARkitDemo3;
				PRODUCT_NAME = "$(TARGET_NAME)";
				SWIFT_VERSION = 4.0;
				TARGETED_DEVICE_FAMILY = "1,2";
			};
			name = Debug;
		};
		EBC7D9AE1F2D4007007AA506 /* Release */ = {
			isa = XCBuildConfiguration;
			buildSettings = {
				ASSETCATALOG_COMPILER_APPICON_NAME = AppIcon;
				DEVELOPMENT_TEAM = K4NNFZ4242;
				INFOPLIST_FILE = ARkitDemo/Info.plist;
				IPHONEOS_DEPLOYMENT_TARGET = 11.0;
				LD_RUNPATH_SEARCH_PATHS = "$(inherited) @executable_path/Frameworks";
				PRODUCT_BUNDLE_IDENTIFIER = JakePriddy.ARkitDemo3;
				PRODUCT_NAME = "$(TARGET_NAME)";
				SWIFT_VERSION = 4.0;
				TARGETED_DEVICE_FAMILY = "1,2";
			};
			name = Release;
		};
		EBC7D9B01F2D4007007AA506 /* Debug */ = {
			isa = XCBuildConfiguration;
			buildSettings = {
				ALWAYS_EMBED_SWIFT_STANDARD_LIBRARIES = YES;
				BUNDLE_LOADER = "$(TEST_HOST)";
				DEVELOPMENT_TEAM = K4NNFZ4242;
				INFOPLIST_FILE = ARkitDemoTests/Info.plist;
				LD_RUNPATH_SEARCH_PATHS = "$(inherited) @executable_path/Frameworks @loader_path/Frameworks";
				PRODUCT_BUNDLE_IDENTIFIER = JakePriddy.ARkitDemoTests;
				PRODUCT_NAME = "$(TARGET_NAME)";
				SWIFT_VERSION = 4.0;
				TARGETED_DEVICE_FAMILY = "1,2";
				TEST_HOST = "$(BUILT_PRODUCTS_DIR)/ARkitDemo.app/ARkitDemo";
			};
			name = Debug;
		};
		EBC7D9B11F2D4007007AA506 /* Release */ = {
			isa = XCBuildConfiguration;
			buildSettings = {
				ALWAYS_EMBED_SWIFT_STANDARD_LIBRARIES = YES;
				BUNDLE_LOADER = "$(TEST_HOST)";
				DEVELOPMENT_TEAM = K4NNFZ4242;
				INFOPLIST_FILE = ARkitDemoTests/Info.plist;
				LD_RUNPATH_SEARCH_PATHS = "$(inherited) @executable_path/Frameworks @loader_path/Frameworks";
				PRODUCT_BUNDLE_IDENTIFIER = JakePriddy.ARkitDemoTests;
				PRODUCT_NAME = "$(TARGET_NAME)";
				SWIFT_VERSION = 4.0;
				TARGETED_DEVICE_FAMILY = "1,2";
				TEST_HOST = "$(BUILT_PRODUCTS_DIR)/ARkitDemo.app/ARkitDemo";
			};
			name = Release;
		};
		EBC7D9B31F2D4007007AA506 /* Debug */ = {
			isa = XCBuildConfiguration;
			buildSettings = {
				ALWAYS_EMBED_SWIFT_STANDARD_LIBRARIES = YES;
				DEVELOPMENT_TEAM = K4NNFZ4242;
				INFOPLIST_FILE = ARkitDemoUITests/Info.plist;
				LD_RUNPATH_SEARCH_PATHS = "$(inherited) @executable_path/Frameworks @loader_path/Frameworks";
				PRODUCT_BUNDLE_IDENTIFIER = JakePriddy.ARkitDemoUITests;
				PRODUCT_NAME = "$(TARGET_NAME)";
				SWIFT_VERSION = 4.0;
				TARGETED_DEVICE_FAMILY = "1,2";
				TEST_TARGET_NAME = ARkitDemo;
			};
			name = Debug;
		};
		EBC7D9B41F2D4007007AA506 /* Release */ = {
			isa = XCBuildConfiguration;
			buildSettings = {
				ALWAYS_EMBED_SWIFT_STANDARD_LIBRARIES = YES;
				DEVELOPMENT_TEAM = K4NNFZ4242;
				INFOPLIST_FILE = ARkitDemoUITests/Info.plist;
				LD_RUNPATH_SEARCH_PATHS = "$(inherited) @executable_path/Frameworks @loader_path/Frameworks";
				PRODUCT_BUNDLE_IDENTIFIER = JakePriddy.ARkitDemoUITests;
				PRODUCT_NAME = "$(TARGET_NAME)";
				SWIFT_VERSION = 4.0;
				TARGETED_DEVICE_FAMILY = "1,2";
				TEST_TARGET_NAME = ARkitDemo;
			};
			name = Release;
		};
/* End XCBuildConfiguration section */

/* Begin XCConfigurationList section */
		EBC7D97D1F2D4007007AA506 /* Build configuration list for PBXProject "ARkitDemo" */ = {
			isa = XCConfigurationList;
			buildConfigurations = (
				EBC7D9AA1F2D4007007AA506 /* Debug */,
				EBC7D9AB1F2D4007007AA506 /* Release */,
			);
			defaultConfigurationIsVisible = 0;
			defaultConfigurationName = Release;
		};
		EBC7D9AC1F2D4007007AA506 /* Build configuration list for PBXNativeTarget "ARkitDemo" */ = {
			isa = XCConfigurationList;
			buildConfigurations = (
				EBC7D9AD1F2D4007007AA506 /* Debug */,
				EBC7D9AE1F2D4007007AA506 /* Release */,
			);
			defaultConfigurationIsVisible = 0;
			defaultConfigurationName = Release;
		};
		EBC7D9AF1F2D4007007AA506 /* Build configuration list for PBXNativeTarget "ARkitDemoTests" */ = {
			isa = XCConfigurationList;
			buildConfigurations = (
				EBC7D9B01F2D4007007AA506 /* Debug */,
				EBC7D9B11F2D4007007AA506 /* Release */,
			);
			defaultConfigurationIsVisible = 0;
			defaultConfigurationName = Release;
		};
		EBC7D9B21F2D4007007AA506 /* Build configuration list for PBXNativeTarget "ARkitDemoUITests" */ = {
			isa = XCConfigurationList;
			buildConfigurations = (
				EBC7D9B31F2D4007007AA506 /* Debug */,
				EBC7D9B41F2D4007007AA506 /* Release */,
			);
			defaultConfigurationIsVisible = 0;
			defaultConfigurationName = Release;
		};
/* End XCConfigurationList section */
	};
	rootObject = EBC7D97A1F2D4007007AA506 /* Project object */;
}
